
Microsoft Visual Studio Solution File, Format Version 12.00
# Visual Studio 15
VisualStudioVersion = 15.0.27004.2005
MinimumVisualStudioVersion = 10.0.40219.1
Project("{8BC9CEB8-8B4A-11D0-8D11-00A0C91BC942}") = "cpp_test", "cpp_test\cpp_test.vcxproj", "{7F3A2ED1-37EB-4E96-BAE5-C370289A658B}"
EndProject
Global
	GlobalSection(SolutionConfigurationPlatforms) = preSolution
		Debug|x64 = Debug|x64
		Debug|x86 = Debug|x86
		Release|x64 = Release|x64
		Release|x86 = Release|x86
	EndGlobalSection
	GlobalSection(ProjectConfigurationPlatforms) = postSolution
		{7F3A2ED1-37EB-4E96-BAE5-C370289A658B}.Debug|x64.ActiveCfg = Debug|x64
		{7F3A2ED1-37EB-4E96-BAE5-C370289A658B}.Debug|x64.Build.0 = Debug|x64
		{7F3A2ED1-37EB-4E96-BAE5-C370289A658B}.Debug|x86.ActiveCfg = Debug|Win32
		{7F3A2ED1-37EB-4E96-BAE5-C370289A658B}.Debug|x86.Build.0 = Debug|Win32
		{7F3A2ED1-37EB-4E96-BAE5-C370289A658B}.Release|x64.ActiveCfg = Release|x64
		{7F3A2ED1-37EB-4E96-BAE5-C370289A658B}.Release|x64.Build.0 = Release|x64
		{7F3A2ED1-37EB-4E96-BAE5-C370289A658B}.Release|x86.ActiveCfg = Release|Win32
		{7F3A2ED1-37EB-4E96-BAE5-C370289A658B}.Release|x86.Build.0 = Release|Win32
	EndGlobalSection
	GlobalSection(SolutionProperties) = preSolution
		HideSolutionNode = FALSE
	EndGlobalSection
	GlobalSection(ExtensibilityGlobals) = postSolution
		SolutionGuid = {19FD0BBA-9518-485A-B9BF-C6E2CDE02B18}
	EndGlobalSection
EndGlobal
